
Microsoft Visual Studio Solution File, Format Version 12.00
# Visual Studio 15
VisualStudioVersion = 15.0.28307.329
MinimumVisualStudioVersion = 10.0.40219.1
Project("{FAE04EC0-301F-11D3-BF4B-00C04F79EFBC}") = "WpfApp1", "WpfApp1\WpfApp1.csproj", "{8D517CE3-96A7-4B3F-B6E1-95B40694BDAD}"
EndProject
Global
	GlobalSection(SolutionConfigurationPlatforms) = preSolution
		Debug|Any CPU = Debug|Any CPU
		Release|Any CPU = Release|Any CPU
	EndGlobalSection
	GlobalSection(ProjectConfigurationPlatforms) = postSolution
		{8D517CE3-96A7-4B3F-B6E1-95B40694BDAD}.Debug|Any CPU.ActiveCfg = Debug|Any CPU
		{8D517CE3-96A7-4B3F-B6E1-95B40694BDAD}.Debug|Any CPU.Build.0 = Debug|Any CPU
		{8D517CE3-96A7-4B3F-B6E1-95B40694BDAD}.Release|Any CPU.ActiveCfg = Release|Any CPU
		{8D517CE3-96A7-4B3F-B6E1-95B40694BDAD}.Release|Any CPU.Build.0 = Release|Any CPU
	EndGlobalSection
	GlobalSection(SolutionProperties) = preSolution
		HideSolutionNode = FALSE
	EndGlobalSection
	GlobalSection(ExtensibilityGlobals) = postSolution
		SolutionGuid = {DEE9FADA-9BD0-4FD0-B639-07E161AB3C39}
	EndGlobalSection
EndGlobal
