
Microsoft Visual Studio Solution File, Format Version 12.00
# Visual Studio 15
VisualStudioVersion = 15.0.28307.329
MinimumVisualStudioVersion = 10.0.40219.1
Project("{FAE04EC0-301F-11D3-BF4B-00C04F79EFBC}") = "WpfStaticResources", "WpfStaticResources\WpfStaticResources.csproj", "{2B258EED-8179-476E-8E92-A4C4AA49FD79}"
EndProject
Global
	GlobalSection(SolutionConfigurationPlatforms) = preSolution
		Debug|Any CPU = Debug|Any CPU
		Release|Any CPU = Release|Any CPU
	EndGlobalSection
	GlobalSection(ProjectConfigurationPlatforms) = postSolution
		{2B258EED-8179-476E-8E92-A4C4AA49FD79}.Debug|Any CPU.ActiveCfg = Debug|Any CPU
		{2B258EED-8179-476E-8E92-A4C4AA49FD79}.Debug|Any CPU.Build.0 = Debug|Any CPU
		{2B258EED-8179-476E-8E92-A4C4AA49FD79}.Release|Any CPU.ActiveCfg = Release|Any CPU
		{2B258EED-8179-476E-8E92-A4C4AA49FD79}.Release|Any CPU.Build.0 = Release|Any CPU
	EndGlobalSection
	GlobalSection(SolutionProperties) = preSolution
		HideSolutionNode = FALSE
	EndGlobalSection
	GlobalSection(ExtensibilityGlobals) = postSolution
		SolutionGuid = {C244E251-5DE4-469C-89C3-9AD1432E2696}
	EndGlobalSection
EndGlobal
