
Microsoft Visual Studio Solution File, Format Version 12.00
# Visual Studio 15
VisualStudioVersion = 15.0.28307.329
MinimumVisualStudioVersion = 10.0.40219.1
Project("{FAE04EC0-301F-11D3-BF4B-00C04F79EFBC}") = "Wpf_TunnelEvents", "WpfTunnelEvents\Wpf_TunnelEvents.csproj", "{C0611094-02DA-464D-B180-568276F4BFAD}"
EndProject
Global
	GlobalSection(SolutionConfigurationPlatforms) = preSolution
		Debug|Any CPU = Debug|Any CPU
		Release|Any CPU = Release|Any CPU
	EndGlobalSection
	GlobalSection(ProjectConfigurationPlatforms) = postSolution
		{C0611094-02DA-464D-B180-568276F4BFAD}.Debug|Any CPU.ActiveCfg = Debug|Any CPU
		{C0611094-02DA-464D-B180-568276F4BFAD}.Debug|Any CPU.Build.0 = Debug|Any CPU
		{C0611094-02DA-464D-B180-568276F4BFAD}.Release|Any CPU.ActiveCfg = Release|Any CPU
		{C0611094-02DA-464D-B180-568276F4BFAD}.Release|Any CPU.Build.0 = Release|Any CPU
	EndGlobalSection
	GlobalSection(SolutionProperties) = preSolution
		HideSolutionNode = FALSE
	EndGlobalSection
	GlobalSection(ExtensibilityGlobals) = postSolution
		SolutionGuid = {F2D4742F-D656-4D8D-9EBB-6ECD4C30D1B8}
	EndGlobalSection
EndGlobal
