
Microsoft Visual Studio Solution File, Format Version 12.00
# Visual Studio 15
VisualStudioVersion = 15.0.28307.329
MinimumVisualStudioVersion = 10.0.40219.1
Project("{FAE04EC0-301F-11D3-BF4B-00C04F79EFBC}") = "Wpf2DGraphics", "Wpf2DGraphics\Wpf2DGraphics.csproj", "{8539E495-7F1E-4590-A8C7-B0E89D7C6970}"
EndProject
Global
	GlobalSection(SolutionConfigurationPlatforms) = preSolution
		Debug|Any CPU = Debug|Any CPU
		Release|Any CPU = Release|Any CPU
	EndGlobalSection
	GlobalSection(ProjectConfigurationPlatforms) = postSolution
		{8539E495-7F1E-4590-A8C7-B0E89D7C6970}.Debug|Any CPU.ActiveCfg = Debug|Any CPU
		{8539E495-7F1E-4590-A8C7-B0E89D7C6970}.Debug|Any CPU.Build.0 = Debug|Any CPU
		{8539E495-7F1E-4590-A8C7-B0E89D7C6970}.Release|Any CPU.ActiveCfg = Release|Any CPU
		{8539E495-7F1E-4590-A8C7-B0E89D7C6970}.Release|Any CPU.Build.0 = Release|Any CPU
	EndGlobalSection
	GlobalSection(SolutionProperties) = preSolution
		HideSolutionNode = FALSE
	EndGlobalSection
	GlobalSection(ExtensibilityGlobals) = postSolution
		SolutionGuid = {3E3334C9-B72A-4C3A-8C9E-A18A5CD21CC1}
	EndGlobalSection
EndGlobal
