
Microsoft Visual Studio Solution File, Format Version 12.00
# Visual Studio 15
VisualStudioVersion = 15.0.28307.329
MinimumVisualStudioVersion = 10.0.40219.1
Project("{FAE04EC0-301F-11D3-BF4B-00C04F79EFBC}") = "WpfUserControls", "WpfUserControls\WpfUserControls.csproj", "{01AF4E0C-91E0-40E1-8404-10F93443D8DB}"
EndProject
Global
	GlobalSection(SolutionConfigurationPlatforms) = preSolution
		Debug|Any CPU = Debug|Any CPU
		Release|Any CPU = Release|Any CPU
	EndGlobalSection
	GlobalSection(ProjectConfigurationPlatforms) = postSolution
		{01AF4E0C-91E0-40E1-8404-10F93443D8DB}.Debug|Any CPU.ActiveCfg = Debug|Any CPU
		{01AF4E0C-91E0-40E1-8404-10F93443D8DB}.Debug|Any CPU.Build.0 = Debug|Any CPU
		{01AF4E0C-91E0-40E1-8404-10F93443D8DB}.Release|Any CPU.ActiveCfg = Release|Any CPU
		{01AF4E0C-91E0-40E1-8404-10F93443D8DB}.Release|Any CPU.Build.0 = Release|Any CPU
	EndGlobalSection
	GlobalSection(SolutionProperties) = preSolution
		HideSolutionNode = FALSE
	EndGlobalSection
	GlobalSection(ExtensibilityGlobals) = postSolution
		SolutionGuid = {0B049A69-ADF4-4944-BB43-822DE309EF73}
	EndGlobalSection
EndGlobal
