
Microsoft Visual Studio Solution File, Format Version 12.00
# Visual Studio 15
VisualStudioVersion = 15.0.28307.329
MinimumVisualStudioVersion = 10.0.40219.1
Project("{FAE04EC0-301F-11D3-BF4B-00C04F79EFBC}") = "Singleton", "Singleton\Singleton.csproj", "{26D3F171-0CD6-457F-9AFE-E37010D8900A}"
EndProject
Global
	GlobalSection(SolutionConfigurationPlatforms) = preSolution
		Debug|Any CPU = Debug|Any CPU
		Release|Any CPU = Release|Any CPU
	EndGlobalSection
	GlobalSection(ProjectConfigurationPlatforms) = postSolution
		{26D3F171-0CD6-457F-9AFE-E37010D8900A}.Debug|Any CPU.ActiveCfg = Debug|Any CPU
		{26D3F171-0CD6-457F-9AFE-E37010D8900A}.Debug|Any CPU.Build.0 = Debug|Any CPU
		{26D3F171-0CD6-457F-9AFE-E37010D8900A}.Release|Any CPU.ActiveCfg = Release|Any CPU
		{26D3F171-0CD6-457F-9AFE-E37010D8900A}.Release|Any CPU.Build.0 = Release|Any CPU
	EndGlobalSection
	GlobalSection(SolutionProperties) = preSolution
		HideSolutionNode = FALSE
	EndGlobalSection
	GlobalSection(ExtensibilityGlobals) = postSolution
		SolutionGuid = {87DD5A44-DB13-42DB-AE23-593B218B33B4}
	EndGlobalSection
EndGlobal
