
Microsoft Visual Studio Solution File, Format Version 12.00
# Visual Studio 15
VisualStudioVersion = 15.0.28307.329
MinimumVisualStudioVersion = 10.0.40219.1
Project("{FAE04EC0-301F-11D3-BF4B-00C04F79EFBC}") = "WpfMultimedia", "WpfMultimedia\WpfMultimedia.csproj", "{D6AC3543-FD0C-4963-9872-958208D166CF}"
EndProject
Global
	GlobalSection(SolutionConfigurationPlatforms) = preSolution
		Debug|Any CPU = Debug|Any CPU
		Release|Any CPU = Release|Any CPU
	EndGlobalSection
	GlobalSection(ProjectConfigurationPlatforms) = postSolution
		{D6AC3543-FD0C-4963-9872-958208D166CF}.Debug|Any CPU.ActiveCfg = Debug|Any CPU
		{D6AC3543-FD0C-4963-9872-958208D166CF}.Debug|Any CPU.Build.0 = Debug|Any CPU
		{D6AC3543-FD0C-4963-9872-958208D166CF}.Release|Any CPU.ActiveCfg = Release|Any CPU
		{D6AC3543-FD0C-4963-9872-958208D166CF}.Release|Any CPU.Build.0 = Release|Any CPU
	EndGlobalSection
	GlobalSection(SolutionProperties) = preSolution
		HideSolutionNode = FALSE
	EndGlobalSection
	GlobalSection(ExtensibilityGlobals) = postSolution
		SolutionGuid = {33FFCDF9-68F2-449C-838E-32AB01E3F723}
	EndGlobalSection
EndGlobal
