
Microsoft Visual Studio Solution File, Format Version 12.00
# Visual Studio 15
VisualStudioVersion = 15.0.28307.329
MinimumVisualStudioVersion = 10.0.40219.1
Project("{FAE04EC0-301F-11D3-BF4B-00C04F79EFBC}") = "WpfValueConverter", "WpfValueConverter\WpfValueConverter.csproj", "{390F2E4D-B2DD-4DF2-A4CA-B174C26EE121}"
EndProject
Global
	GlobalSection(SolutionConfigurationPlatforms) = preSolution
		Debug|Any CPU = Debug|Any CPU
		Release|Any CPU = Release|Any CPU
	EndGlobalSection
	GlobalSection(ProjectConfigurationPlatforms) = postSolution
		{390F2E4D-B2DD-4DF2-A4CA-B174C26EE121}.Debug|Any CPU.ActiveCfg = Debug|Any CPU
		{390F2E4D-B2DD-4DF2-A4CA-B174C26EE121}.Debug|Any CPU.Build.0 = Debug|Any CPU
		{390F2E4D-B2DD-4DF2-A4CA-B174C26EE121}.Release|Any CPU.ActiveCfg = Release|Any CPU
		{390F2E4D-B2DD-4DF2-A4CA-B174C26EE121}.Release|Any CPU.Build.0 = Release|Any CPU
	EndGlobalSection
	GlobalSection(SolutionProperties) = preSolution
		HideSolutionNode = FALSE
	EndGlobalSection
	GlobalSection(ExtensibilityGlobals) = postSolution
		SolutionGuid = {81531150-B90E-450A-94FD-2B73D88F28A4}
	EndGlobalSection
EndGlobal
