
Microsoft Visual Studio Solution File, Format Version 12.00
# Visual Studio 15
VisualStudioVersion = 15.0.28307.329
MinimumVisualStudioVersion = 10.0.40219.1
Project("{FAE04EC0-301F-11D3-BF4B-00C04F79EFBC}") = "WpfDataTriggers", "WpfDataTriggers\WpfDataTriggers.csproj", "{827490AD-BB44-411F-9546-5CDC9AC28781}"
EndProject
Global
	GlobalSection(SolutionConfigurationPlatforms) = preSolution
		Debug|Any CPU = Debug|Any CPU
		Release|Any CPU = Release|Any CPU
	EndGlobalSection
	GlobalSection(ProjectConfigurationPlatforms) = postSolution
		{827490AD-BB44-411F-9546-5CDC9AC28781}.Debug|Any CPU.ActiveCfg = Debug|Any CPU
		{827490AD-BB44-411F-9546-5CDC9AC28781}.Debug|Any CPU.Build.0 = Debug|Any CPU
		{827490AD-BB44-411F-9546-5CDC9AC28781}.Release|Any CPU.ActiveCfg = Release|Any CPU
		{827490AD-BB44-411F-9546-5CDC9AC28781}.Release|Any CPU.Build.0 = Release|Any CPU
	EndGlobalSection
	GlobalSection(SolutionProperties) = preSolution
		HideSolutionNode = FALSE
	EndGlobalSection
	GlobalSection(ExtensibilityGlobals) = postSolution
		SolutionGuid = {7CB827DF-6585-4BBB-9F01-D0F22FD9D981}
	EndGlobalSection
EndGlobal
